
Microsoft Visual Studio Solution File, Format Version 12.00
# Visual Studio Version 16
VisualStudioVersion = 16.0.29326.143
MinimumVisualStudioVersion = 10.0.40219.1
Project("{FAE04EC0-301F-11D3-BF4B-00C04F79EFBC}") = "FSI_Admin", "FSI_Admin\FSI_Admin.csproj", "{EC1D2589-0CE0-4956-942E-A8E2AF6445AD}"
EndProject
Global
	GlobalSection(SolutionConfigurationPlatforms) = preSolution
		Debug|Any CPU = Debug|Any CPU
		Release|Any CPU = Release|Any CPU
	EndGlobalSection
	GlobalSection(ProjectConfigurationPlatforms) = postSolution
		{EC1D2589-0CE0-4956-942E-A8E2AF6445AD}.Debug|Any CPU.ActiveCfg = Debug|Any CPU
		{EC1D2589-0CE0-4956-942E-A8E2AF6445AD}.Debug|Any CPU.Build.0 = Debug|Any CPU
		{EC1D2589-0CE0-4956-942E-A8E2AF6445AD}.Release|Any CPU.ActiveCfg = Release|Any CPU
		{EC1D2589-0CE0-4956-942E-A8E2AF6445AD}.Release|Any CPU.Build.0 = Release|Any CPU
	EndGlobalSection
	GlobalSection(SolutionProperties) = preSolution
		HideSolutionNode = FALSE
	EndGlobalSection
	GlobalSection(ExtensibilityGlobals) = postSolution
		SolutionGuid = {1ACAF5D0-73D1-4F61-8516-405869BDB1C7}
	EndGlobalSection
EndGlobal
